
Microsoft Visual Studio Solution File, Format Version 12.00
# Visual Studio 2013
VisualStudioVersion = 12.0.21005.1
MinimumVisualStudioVersion = 10.0.40219.1
Project("{FAE04EC0-301F-11D3-BF4B-00C04F79EFBC}") = "UnitTest", "UnitTest\UnitTest.csproj", "{0B568E5B-3796-47CC-B934-C4684CBE241C}"
EndProject
Project("{FAE04EC0-301F-11D3-BF4B-00C04F79EFBC}") = "Service", "Service\Service.csproj", "{ED1F3B96-683F-4D16-B4F9-06765E3697C1}"
EndProject
Project("{FAE04EC0-301F-11D3-BF4B-00C04F79EFBC}") = "EnhancedMonitoring", "EnhancedMonitoring\EnhancedMonitoring.csproj", "{7EACC378-2947-4F2E-AB0F-EB57BE7D3680}"
EndProject
Project("{930C7802-8A8C-48F9-8165-68863BCCD9DD}") = "Setup", "..\packages\MSI\EnhancedMonitoring\Setup.wixproj", "{A6AA397B-1031-4FBF-9A8A-B50EE7318EC6}"
	ProjectSection(ProjectDependencies) = postProject
		{7EACC378-2947-4F2E-AB0F-EB57BE7D3680} = {7EACC378-2947-4F2E-AB0F-EB57BE7D3680}
		{ED1F3B96-683F-4D16-B4F9-06765E3697C1} = {ED1F3B96-683F-4D16-B4F9-06765E3697C1}
	EndProjectSection
EndProject
Global
	GlobalSection(SolutionConfigurationPlatforms) = preSolution
		Debug|x64 = Debug|x64
		DebugAndRelease|x64 = DebugAndRelease|x64
		Release|x64 = Release|x64
	EndGlobalSection
	GlobalSection(ProjectConfigurationPlatforms) = postSolution
		{0B568E5B-3796-47CC-B934-C4684CBE241C}.Debug|x64.ActiveCfg = Debug|Any CPU
		{0B568E5B-3796-47CC-B934-C4684CBE241C}.Debug|x64.Build.0 = Debug|Any CPU
		{0B568E5B-3796-47CC-B934-C4684CBE241C}.DebugAndRelease|x64.ActiveCfg = DebugAndRelease|Any CPU
		{0B568E5B-3796-47CC-B934-C4684CBE241C}.Release|x64.ActiveCfg = Release|Any CPU
		{ED1F3B96-683F-4D16-B4F9-06765E3697C1}.Debug|x64.ActiveCfg = Debug|x64
		{ED1F3B96-683F-4D16-B4F9-06765E3697C1}.Debug|x64.Build.0 = Debug|x64
		{ED1F3B96-683F-4D16-B4F9-06765E3697C1}.DebugAndRelease|x64.ActiveCfg = DebugAndRelease|x64
		{ED1F3B96-683F-4D16-B4F9-06765E3697C1}.DebugAndRelease|x64.Build.0 = DebugAndRelease|x64
		{ED1F3B96-683F-4D16-B4F9-06765E3697C1}.Release|x64.ActiveCfg = Release|x64
		{ED1F3B96-683F-4D16-B4F9-06765E3697C1}.Release|x64.Build.0 = Release|x64
		{7EACC378-2947-4F2E-AB0F-EB57BE7D3680}.Debug|x64.ActiveCfg = Debug|x64
		{7EACC378-2947-4F2E-AB0F-EB57BE7D3680}.Debug|x64.Build.0 = Debug|x64
		{7EACC378-2947-4F2E-AB0F-EB57BE7D3680}.DebugAndRelease|x64.ActiveCfg = DebugAndRelease|x64
		{7EACC378-2947-4F2E-AB0F-EB57BE7D3680}.DebugAndRelease|x64.Build.0 = DebugAndRelease|x64
		{7EACC378-2947-4F2E-AB0F-EB57BE7D3680}.Release|x64.ActiveCfg = Release|x64
		{7EACC378-2947-4F2E-AB0F-EB57BE7D3680}.Release|x64.Build.0 = Release|x64
		{A6AA397B-1031-4FBF-9A8A-B50EE7318EC6}.Debug|x64.ActiveCfg = Debug|x64
		{A6AA397B-1031-4FBF-9A8A-B50EE7318EC6}.Debug|x64.Build.0 = Debug|x64
		{A6AA397B-1031-4FBF-9A8A-B50EE7318EC6}.DebugAndRelease|x64.ActiveCfg = DebugAndRelease|x86
		{A6AA397B-1031-4FBF-9A8A-B50EE7318EC6}.Release|x64.ActiveCfg = Release|x86
	EndGlobalSection
	GlobalSection(SolutionProperties) = preSolution
		HideSolutionNode = FALSE
	EndGlobalSection
EndGlobal
